{
  "name": "three-lift-mini",
  "version": "0.1.0",
  "lockfileVersion": 3,
  "requires": true,
  "packages": {
    "": {
      "name": "three-lift-mini",
      "version": "0.1.0",
      "devDependencies": {
        "lucide": "^1.43.0"
      }
    },
    "node_modules/lucide": {
      "version": "1.43.0",
      "resolved": "https://registry.npmjs.org/lucide/-/lucide-1.43.0.tgz",
      "integrity": "sha512-koRMVADN3XR9zte+NHXFHuJM4ejAqvwu/6DMf2O40jl2rMlhzu3t2mHSd3ugXnmTm5HIMUbOexhC/nClhetbGg==",
      "dev": true,
      "license": "ISC"
    }
  }
}
